
Microsoft Visual Studio Solution File, Format Version 12.00
# Visual Studio Version 17
VisualStudioVersion = 17.8.0.0
MinimumVisualStudioVersion = 17.8.0.0
Project("{9A19103F-16F7-4668-BE54-9A1E7A4F7556}") = "WeatherApp.AppHost", "WeatherApp.AppHost\WeatherApp.AppHost.csproj", "{DB958936-1715-4A2B-9E6A-4FF524A791C5}"
EndProject
Project("{9A19103F-16F7-4668-BE54-9A1E7A4F7556}") = "WeatherApp.ServiceDefaults", "WeatherApp.ServiceDefaults\WeatherApp.ServiceDefaults.csproj", "{4E67402C-C198-4AE2-B459-0C71EB63863D}"
EndProject
Project("{FAE04EC0-301F-11D3-BF4B-00C04F79EFBC}") = "WeatherApp.Api", "WeatherApp.Api\WeatherApp.Api.csproj", "{91B0E01B-E7D2-44F2-97EA-FC1939F6BE71}"
EndProject
Project("{FAE04EC0-301F-11D3-BF4B-00C04F79EFBC}") = "WeatherApp.Data", "WeatherApp.Data\WeatherApp.Data.csproj", "{0588A208-E47A-42F9-91EC-319BA1C70C64}"
EndProject
Project("{FAE04EC0-301F-11D3-BF4B-00C04F79EFBC}") = "WeatherApp.Seed", "WeatherApp.Seed\WeatherApp.Seed.csproj", "{D76C1690-7F42-462F-A2D2-A1D6545984B8}"
EndProject
Global
	GlobalSection(SolutionConfigurationPlatforms) = preSolution
		Debug|Any CPU = Debug|Any CPU
		Debug|x64 = Debug|x64
		Debug|x86 = Debug|x86
		Release|Any CPU = Release|Any CPU
		Release|x64 = Release|x64
		Release|x86 = Release|x86
	EndGlobalSection
	GlobalSection(ProjectConfigurationPlatforms) = postSolution
		{DB958936-1715-4A2B-9E6A-4FF524A791C5}.Debug|Any CPU.ActiveCfg = Debug|Any CPU
		{DB958936-1715-4A2B-9E6A-4FF524A791C5}.Debug|Any CPU.Build.0 = Debug|Any CPU
		{DB958936-1715-4A2B-9E6A-4FF524A791C5}.Debug|x64.ActiveCfg = Debug|Any CPU
		{DB958936-1715-4A2B-9E6A-4FF524A791C5}.Debug|x64.Build.0 = Debug|Any CPU
		{DB958936-1715-4A2B-9E6A-4FF524A791C5}.Debug|x86.ActiveCfg = Debug|Any CPU
		{DB958936-1715-4A2B-9E6A-4FF524A791C5}.Debug|x86.Build.0 = Debug|Any CPU
		{DB958936-1715-4A2B-9E6A-4FF524A791C5}.Release|Any CPU.ActiveCfg = Release|Any CPU
		{DB958936-1715-4A2B-9E6A-4FF524A791C5}.Release|Any CPU.Build.0 = Release|Any CPU
		{DB958936-1715-4A2B-9E6A-4FF524A791C5}.Release|x64.ActiveCfg = Release|Any CPU
		{DB958936-1715-4A2B-9E6A-4FF524A791C5}.Release|x64.Build.0 = Release|Any CPU
		{DB958936-1715-4A2B-9E6A-4FF524A791C5}.Release|x86.ActiveCfg = Release|Any CPU
		{DB958936-1715-4A2B-9E6A-4FF524A791C5}.Release|x86.Build.0 = Release|Any CPU
		{4E67402C-C198-4AE2-B459-0C71EB63863D}.Debug|Any CPU.ActiveCfg = Debug|Any CPU
		{4E67402C-C198-4AE2-B459-0C71EB63863D}.Debug|Any CPU.Build.0 = Debug|Any CPU
		{4E67402C-C198-4AE2-B459-0C71EB63863D}.Debug|x64.ActiveCfg = Debug|Any CPU
		{4E67402C-C198-4AE2-B459-0C71EB63863D}.Debug|x64.Build.0 = Debug|Any CPU
		{4E67402C-C198-4AE2-B459-0C71EB63863D}.Debug|x86.ActiveCfg = Debug|Any CPU
		{4E67402C-C198-4AE2-B459-0C71EB63863D}.Debug|x86.Build.0 = Debug|Any CPU
		{4E67402C-C198-4AE2-B459-0C71EB63863D}.Release|Any CPU.ActiveCfg = Release|Any CPU
		{4E67402C-C198-4AE2-B459-0C71EB63863D}.Release|Any CPU.Build.0 = Release|Any CPU
		{4E67402C-C198-4AE2-B459-0C71EB63863D}.Release|x64.ActiveCfg = Release|Any CPU
		{4E67402C-C198-4AE2-B459-0C71EB63863D}.Release|x64.Build.0 = Release|Any CPU
		{4E67402C-C198-4AE2-B459-0C71EB63863D}.Release|x86.ActiveCfg = Release|Any CPU
		{4E67402C-C198-4AE2-B459-0C71EB63863D}.Release|x86.Build.0 = Release|Any CPU
		{91B0E01B-E7D2-44F2-97EA-FC1939F6BE71}.Debug|Any CPU.ActiveCfg = Debug|Any CPU
		{91B0E01B-E7D2-44F2-97EA-FC1939F6BE71}.Debug|Any CPU.Build.0 = Debug|Any CPU
		{91B0E01B-E7D2-44F2-97EA-FC1939F6BE71}.Debug|x64.ActiveCfg = Debug|Any CPU
		{91B0E01B-E7D2-44F2-97EA-FC1939F6BE71}.Debug|x64.Build.0 = Debug|Any CPU
		{91B0E01B-E7D2-44F2-97EA-FC1939F6BE71}.Debug|x86.ActiveCfg = Debug|Any CPU
		{91B0E01B-E7D2-44F2-97EA-FC1939F6BE71}.Debug|x86.Build.0 = Debug|Any CPU
		{91B0E01B-E7D2-44F2-97EA-FC1939F6BE71}.Release|Any CPU.ActiveCfg = Release|Any CPU
		{91B0E01B-E7D2-44F2-97EA-FC1939F6BE71}.Release|Any CPU.Build.0 = Release|Any CPU
		{91B0E01B-E7D2-44F2-97EA-FC1939F6BE71}.Release|x64.ActiveCfg = Release|Any CPU
		{91B0E01B-E7D2-44F2-97EA-FC1939F6BE71}.Release|x64.Build.0 = Release|Any CPU
		{91B0E01B-E7D2-44F2-97EA-FC1939F6BE71}.Release|x86.ActiveCfg = Release|Any CPU
		{91B0E01B-E7D2-44F2-97EA-FC1939F6BE71}.Release|x86.Build.0 = Release|Any CPU
		{0588A208-E47A-42F9-91EC-319BA1C70C64}.Debug|Any CPU.ActiveCfg = Debug|Any CPU
		{0588A208-E47A-42F9-91EC-319BA1C70C64}.Debug|Any CPU.Build.0 = Debug|Any CPU
		{0588A208-E47A-42F9-91EC-319BA1C70C64}.Debug|x64.ActiveCfg = Debug|Any CPU
		{0588A208-E47A-42F9-91EC-319BA1C70C64}.Debug|x64.Build.0 = Debug|Any CPU
		{0588A208-E47A-42F9-91EC-319BA1C70C64}.Debug|x86.ActiveCfg = Debug|Any CPU
		{0588A208-E47A-42F9-91EC-319BA1C70C64}.Debug|x86.Build.0 = Debug|Any CPU
		{0588A208-E47A-42F9-91EC-319BA1C70C64}.Release|Any CPU.ActiveCfg = Release|Any CPU
		{0588A208-E47A-42F9-91EC-319BA1C70C64}.Release|Any CPU.Build.0 = Release|Any CPU
		{0588A208-E47A-42F9-91EC-319BA1C70C64}.Release|x64.ActiveCfg = Release|Any CPU
		{0588A208-E47A-42F9-91EC-319BA1C70C64}.Release|x64.Build.0 = Release|Any CPU
		{0588A208-E47A-42F9-91EC-319BA1C70C64}.Release|x86.ActiveCfg = Release|Any CPU
		{0588A208-E47A-42F9-91EC-319BA1C70C64}.Release|x86.Build.0 = Release|Any CPU
		{D76C1690-7F42-462F-A2D2-A1D6545984B8}.Debug|Any CPU.ActiveCfg = Debug|Any CPU
		{D76C1690-7F42-462F-A2D2-A1D6545984B8}.Debug|Any CPU.Build.0 = Debug|Any CPU
		{D76C1690-7F42-462F-A2D2-A1D6545984B8}.Debug|x64.ActiveCfg = Debug|Any CPU
		{D76C1690-7F42-462F-A2D2-A1D6545984B8}.Debug|x64.Build.0 = Debug|Any CPU
		{D76C1690-7F42-462F-A2D2-A1D6545984B8}.Debug|x86.ActiveCfg = Debug|Any CPU
		{D76C1690-7F42-462F-A2D2-A1D6545984B8}.Debug|x86.Build.0 = Debug|Any CPU
		{D76C1690-7F42-462F-A2D2-A1D6545984B8}.Release|Any CPU.ActiveCfg = Release|Any CPU
		{D76C1690-7F42-462F-A2D2-A1D6545984B8}.Release|Any CPU.Build.0 = Release|Any CPU
		{D76C1690-7F42-462F-A2D2-A1D6545984B8}.Release|x64.ActiveCfg = Release|Any CPU
		{D76C1690-7F42-462F-A2D2-A1D6545984B8}.Release|x64.Build.0 = Release|Any CPU
		{D76C1690-7F42-462F-A2D2-A1D6545984B8}.Release|x86.ActiveCfg = Release|Any CPU
		{D76C1690-7F42-462F-A2D2-A1D6545984B8}.Release|x86.Build.0 = Release|Any CPU
	EndGlobalSection
	GlobalSection(SolutionProperties) = preSolution
		HideSolutionNode = FALSE
	EndGlobalSection
	GlobalSection(ExtensibilityGlobals) = postSolution
		SolutionGuid = {65C238AE-B929-4950-9073-DD1909F7D904}
	EndGlobalSection
EndGlobal
